
Microsoft Visual Studio Solution File, Format Version 12.00
# Visual Studio Version 16
VisualStudioVersion = 16.0.30804.86
MinimumVisualStudioVersion = 10.0.40219.1
Project("{FAE04EC0-301F-11D3-BF4B-00C04F79EFBC}") = "DapanzMap", "DapanzMap.csproj", "{2DAA4135-5F35-425B-AD8E-44C86D842A90}"
EndProject
Global
	GlobalSection(SolutionConfigurationPlatforms) = preSolution
		Debug|Any CPU = Debug|Any CPU
		Release|Any CPU = Release|Any CPU
	EndGlobalSection
	GlobalSection(ProjectConfigurationPlatforms) = postSolution
		{2DAA4135-5F35-425B-AD8E-44C86D842A90}.Debug|Any CPU.ActiveCfg = Debug|Any CPU
		{2DAA4135-5F35-425B-AD8E-44C86D842A90}.Debug|Any CPU.Build.0 = Debug|Any CPU
		{2DAA4135-5F35-425B-AD8E-44C86D842A90}.Release|Any CPU.ActiveCfg = Release|Any CPU
		{2DAA4135-5F35-425B-AD8E-44C86D842A90}.Release|Any CPU.Build.0 = Release|Any CPU
	EndGlobalSection
	GlobalSection(SolutionProperties) = preSolution
		HideSolutionNode = FALSE
	EndGlobalSection
	GlobalSection(ExtensibilityGlobals) = postSolution
		SolutionGuid = {4D990ED7-4313-4D58-B484-A6FAA5F367FB}
	EndGlobalSection
EndGlobal
